
Microsoft Visual Studio Solution File, Format Version 12.00
# Visual Studio Version 17
VisualStudioVersion = 17.9.34902.65
MinimumVisualStudioVersion = 10.0.40219.1
Project("{FAE04EC0-301F-11D3-BF4B-00C04F79EFBC}") = "SWP", "SWP\SWP.csproj", "{2CA10C4C-CB67-405E-B199-AEF5DF891FC0}"
EndProject
Global
	GlobalSection(SolutionConfigurationPlatforms) = preSolution
		Debug|Any CPU = Debug|Any CPU
		Release|Any CPU = Release|Any CPU
	EndGlobalSection
	GlobalSection(ProjectConfigurationPlatforms) = postSolution
		{2CA10C4C-CB67-405E-B199-AEF5DF891FC0}.Debug|Any CPU.ActiveCfg = Debug|Any CPU
		{2CA10C4C-CB67-405E-B199-AEF5DF891FC0}.Debug|Any CPU.Build.0 = Debug|Any CPU
		{2CA10C4C-CB67-405E-B199-AEF5DF891FC0}.Release|Any CPU.ActiveCfg = Release|Any CPU
		{2CA10C4C-CB67-405E-B199-AEF5DF891FC0}.Release|Any CPU.Build.0 = Release|Any CPU
	EndGlobalSection
	GlobalSection(SolutionProperties) = preSolution
		HideSolutionNode = FALSE
	EndGlobalSection
	GlobalSection(ExtensibilityGlobals) = postSolution
		SolutionGuid = {88EB43E9-6093-4636-A02B-05E59326D12C}
	EndGlobalSection
EndGlobal
