
Microsoft Visual Studio Solution File, Format Version 12.00
# Visual Studio Version 17
VisualStudioVersion = 17.10.34928.147
MinimumVisualStudioVersion = 10.0.40219.1
Project("{FAE04EC0-301F-11D3-BF4B-00C04F79EFBC}") = "JewelryAPI", "JewelryAPI.csproj", "{1FF350E0-DED9-4660-932E-D71D2EBC47DA}"
EndProject
Project("{FAE04EC0-301F-11D3-BF4B-00C04F79EFBC}") = "Repositories", "..\Repositories\Repositories.csproj", "{F434341C-94AE-4E31-89D7-597DEF95A2DF}"
EndProject
Project("{FAE04EC0-301F-11D3-BF4B-00C04F79EFBC}") = "Services", "..\Services\Services.csproj", "{921EBB06-283F-42B8-A090-D87CDD9A2B8E}"
EndProject
Global
	GlobalSection(SolutionConfigurationPlatforms) = preSolution
		Debug|Any CPU = Debug|Any CPU
		Release|Any CPU = Release|Any CPU
	EndGlobalSection
	GlobalSection(ProjectConfigurationPlatforms) = postSolution
		{1FF350E0-DED9-4660-932E-D71D2EBC47DA}.Debug|Any CPU.ActiveCfg = Debug|Any CPU
		{1FF350E0-DED9-4660-932E-D71D2EBC47DA}.Debug|Any CPU.Build.0 = Debug|Any CPU
		{1FF350E0-DED9-4660-932E-D71D2EBC47DA}.Release|Any CPU.ActiveCfg = Release|Any CPU
		{1FF350E0-DED9-4660-932E-D71D2EBC47DA}.Release|Any CPU.Build.0 = Release|Any CPU
		{F434341C-94AE-4E31-89D7-597DEF95A2DF}.Debug|Any CPU.ActiveCfg = Debug|Any CPU
		{F434341C-94AE-4E31-89D7-597DEF95A2DF}.Debug|Any CPU.Build.0 = Debug|Any CPU
		{F434341C-94AE-4E31-89D7-597DEF95A2DF}.Release|Any CPU.ActiveCfg = Release|Any CPU
		{F434341C-94AE-4E31-89D7-597DEF95A2DF}.Release|Any CPU.Build.0 = Release|Any CPU
		{921EBB06-283F-42B8-A090-D87CDD9A2B8E}.Debug|Any CPU.ActiveCfg = Debug|Any CPU
		{921EBB06-283F-42B8-A090-D87CDD9A2B8E}.Debug|Any CPU.Build.0 = Debug|Any CPU
		{921EBB06-283F-42B8-A090-D87CDD9A2B8E}.Release|Any CPU.ActiveCfg = Release|Any CPU
		{921EBB06-283F-42B8-A090-D87CDD9A2B8E}.Release|Any CPU.Build.0 = Release|Any CPU
	EndGlobalSection
	GlobalSection(SolutionProperties) = preSolution
		HideSolutionNode = FALSE
	EndGlobalSection
	GlobalSection(ExtensibilityGlobals) = postSolution
		SolutionGuid = {7435624F-AAFA-4A4E-8280-B56A371F7F1D}
	EndGlobalSection
EndGlobal
